
Microsoft Visual Studio Solution File, Format Version 12.00
# Visual Studio Version 17
VisualStudioVersion = 17.7.34302.85
MinimumVisualStudioVersion = 10.0.40219.1
Project("{8BC9CEB8-8B4A-11D0-8D11-00A0C91BC942}") = "deep_q_network", "deep_q_network\deep_q_network.vcxproj", "{87CD3041-6D92-4C1F-878B-8D44D5160126}"
EndProject
Global
	GlobalSection(SolutionConfigurationPlatforms) = preSolution
		Debug|x64 = Debug|x64
		Release|x64 = Release|x64
	EndGlobalSection
	GlobalSection(ProjectConfigurationPlatforms) = postSolution
		{87CD3041-6D92-4C1F-878B-8D44D5160126}.Debug|x64.ActiveCfg = Debug|x64
		{87CD3041-6D92-4C1F-878B-8D44D5160126}.Debug|x64.Build.0 = Debug|x64
		{87CD3041-6D92-4C1F-878B-8D44D5160126}.Release|x64.ActiveCfg = Release|x64
		{87CD3041-6D92-4C1F-878B-8D44D5160126}.Release|x64.Build.0 = Release|x64
	EndGlobalSection
	GlobalSection(SolutionProperties) = preSolution
		HideSolutionNode = FALSE
	EndGlobalSection
	GlobalSection(ExtensibilityGlobals) = postSolution
		SolutionGuid = {91642B88-93BF-439E-8F00-F1BA4CB370B6}
	EndGlobalSection
EndGlobal
